
Microsoft Visual Studio Solution File, Format Version 12.00
# Visual Studio Version 17
VisualStudioVersion = 17.14.36717.8
MinimumVisualStudioVersion = 10.0.40219.1
Project("{FAE04EC0-301F-11D3-BF4B-00C04F79EFBC}") = "DapperOnlineStoreAPI", "DapperOnlineStoreAPI\DapperOnlineStoreAPI.csproj", "{49D71D88-81FB-494B-955E-D46D4F8D11F4}"
EndProject
Project("{2150E333-8FDC-42A3-9474-1A3956D46DE8}") = "Services", "Services", "{02EA681E-C7D8-13C7-8484-4AC65E1B71E8}"
EndProject
Project("{FAE04EC0-301F-11D3-BF4B-00C04F79EFBC}") = "Authentication", "Authentication\Authentication.csproj", "{2A254AAE-10FA-4A95-9FD9-5C9D2B5831BE}"
EndProject
Project("{FAE04EC0-301F-11D3-BF4B-00C04F79EFBC}") = "UserData", "UserData\UserData.csproj", "{B447D6FD-FE4A-4F19-86DC-68B417432770}"
EndProject
Global
	GlobalSection(SolutionConfigurationPlatforms) = preSolution
		Debug|Any CPU = Debug|Any CPU
		Release|Any CPU = Release|Any CPU
	EndGlobalSection
	GlobalSection(ProjectConfigurationPlatforms) = postSolution
		{49D71D88-81FB-494B-955E-D46D4F8D11F4}.Debug|Any CPU.ActiveCfg = Debug|Any CPU
		{49D71D88-81FB-494B-955E-D46D4F8D11F4}.Debug|Any CPU.Build.0 = Debug|Any CPU
		{49D71D88-81FB-494B-955E-D46D4F8D11F4}.Release|Any CPU.ActiveCfg = Release|Any CPU
		{49D71D88-81FB-494B-955E-D46D4F8D11F4}.Release|Any CPU.Build.0 = Release|Any CPU
		{2A254AAE-10FA-4A95-9FD9-5C9D2B5831BE}.Debug|Any CPU.ActiveCfg = Debug|Any CPU
		{2A254AAE-10FA-4A95-9FD9-5C9D2B5831BE}.Debug|Any CPU.Build.0 = Debug|Any CPU
		{2A254AAE-10FA-4A95-9FD9-5C9D2B5831BE}.Release|Any CPU.ActiveCfg = Release|Any CPU
		{2A254AAE-10FA-4A95-9FD9-5C9D2B5831BE}.Release|Any CPU.Build.0 = Release|Any CPU
		{B447D6FD-FE4A-4F19-86DC-68B417432770}.Debug|Any CPU.ActiveCfg = Debug|Any CPU
		{B447D6FD-FE4A-4F19-86DC-68B417432770}.Debug|Any CPU.Build.0 = Debug|Any CPU
		{B447D6FD-FE4A-4F19-86DC-68B417432770}.Release|Any CPU.ActiveCfg = Release|Any CPU
		{B447D6FD-FE4A-4F19-86DC-68B417432770}.Release|Any CPU.Build.0 = Release|Any CPU
	EndGlobalSection
	GlobalSection(SolutionProperties) = preSolution
		HideSolutionNode = FALSE
	EndGlobalSection
	GlobalSection(NestedProjects) = preSolution
		{49D71D88-81FB-494B-955E-D46D4F8D11F4} = {02EA681E-C7D8-13C7-8484-4AC65E1B71E8}
		{2A254AAE-10FA-4A95-9FD9-5C9D2B5831BE} = {02EA681E-C7D8-13C7-8484-4AC65E1B71E8}
		{B447D6FD-FE4A-4F19-86DC-68B417432770} = {02EA681E-C7D8-13C7-8484-4AC65E1B71E8}
	EndGlobalSection
	GlobalSection(ExtensibilityGlobals) = postSolution
		SolutionGuid = {B268A25F-BE2F-41CC-884F-0218AD0B9C21}
	EndGlobalSection
EndGlobal
